<?xml version="1.0" encoding="utf-8"?>
<Project ToolsVersion="4.0" xmlns="http://schemas.microsoft.com/developer/msbuild/2003">
  <ItemGroup>
    <Filter Include="KamataEngine">
      <UniqueIdentifier>{4FC737F1-C7A5-4376-A066-2A32D752A2FF}</UniqueIdentifier>
      <Extensions>cpp;c;cc;cxx;c++;cppm;ixx;def;odl;idl;hpj;bat;asm;asmx</Extensions>
    </Filter>
    <Filter Include="KamataEngine\Source">
      <UniqueIdentifier>{d966e9f8-e880-44ae-8586-a08515e4cffc}</UniqueIdentifier>
    </Filter>
    <Filter Include="KamataEngine\Include">
      <UniqueIdentifier>{4aae4e40-94f7-4d32-9a91-c0c37a2edf0d}</UniqueIdentifier>
    </Filter>
    <Filter Include="KamataEngine\Adapter">
      <UniqueIdentifier>{c6468eb4-788b-4a83-b207-a5f4804e56c5}</UniqueIdentifier>
    </Filter>
    <Filter Include="input">
      <UniqueIdentifier>{97089032-2f1a-4238-88f5-ca5049868c83}</UniqueIdentifier>
    </Filter>
    <Filter Include="tool">
      <UniqueIdentifier>{40251c65-60ca-40d5-ae9d-14b0b852ddd9}</UniqueIdentifier>
    </Filter>
    <Filter Include="texture">
      <UniqueIdentifier>{accee255-3ff0-452f-aa19-46ae97a66be3}</UniqueIdentifier>
    </Filter>
    <Filter Include="scene">
      <UniqueIdentifier>{ca65359a-e2a8-452a-b886-99410878156e}</UniqueIdentifier>
    </Filter>
    <Filter Include="scene\scene_manager">
      <UniqueIdentifier>{3dedb78a-12d7-42dd-80ec-f8b1ac59851d}</UniqueIdentifier>
    </Filter>
    <Filter Include="scene\title">
      <UniqueIdentifier>{ec5844cd-6b1c-4b2a-8db5-69f8a8b02946}</UniqueIdentifier>
    </Filter>
    <Filter Include="scene\play">
      <UniqueIdentifier>{58fa3511-63b7-4395-a7bd-e7a24101f6fe}</UniqueIdentifier>
    </Filter>
    <Filter Include="scene\pause">
      <UniqueIdentifier>{7acba65c-3d97-4ba4-b43f-77228aa2a46f}</UniqueIdentifier>
    </Filter>
    <Filter Include="audio">
      <UniqueIdentifier>{04f47be7-7e88-4a6e-b177-6c5172ef0d0d}</UniqueIdentifier>
    </Filter>
    <Filter Include="audio\se">
      <UniqueIdentifier>{a5f34c85-023a-4594-8c24-c4babc55caa2}</UniqueIdentifier>
    </Filter>
    <Filter Include="audio\bgm">
      <UniqueIdentifier>{635bb1c1-6b62-45ad-bd37-8a8d1c07ede1}</UniqueIdentifier>
    </Filter>
    <Filter Include="stage">
      <UniqueIdentifier>{5c3e9900-8d0b-4ed9-bdfa-8497d54472b7}</UniqueIdentifier>
    </Filter>
    <Filter Include="player">
      <UniqueIdentifier>{c7d9d157-80e8-479a-9aee-c9619a06ade1}</UniqueIdentifier>
    </Filter>
    <Filter Include="player\player_laser">
      <UniqueIdentifier>{7ec86daa-2385-4174-b23b-0689bf039f7a}</UniqueIdentifier>
    </Filter>
    <Filter Include="gem">
      <UniqueIdentifier>{271831ab-f7fd-4283-b9bd-818d0a160b9c}</UniqueIdentifier>
    </Filter>
    <Filter Include="play_ui">
      <UniqueIdentifier>{af0168b0-2976-4a15-b86e-913efbfb98a5}</UniqueIdentifier>
    </Filter>
    <Filter Include="scene\clear">
      <UniqueIdentifier>{8c7f3deb-2c8d-4f50-b0da-436052c41bb1}</UniqueIdentifier>
    </Filter>
    <Filter Include="scene\gameover">
      <UniqueIdentifier>{ee4b3889-9afc-42bc-bab5-a523f70505fe}</UniqueIdentifier>
    </Filter>
    <Filter Include="enemy">
      <UniqueIdentifier>{3f47df57-2d6d-4602-a93d-8aa53c5fc348}</UniqueIdentifier>
    </Filter>
    <Filter Include="collision_manager">
      <UniqueIdentifier>{b82487e6-16d3-41fe-b8d2-bdfdf1b5223c}</UniqueIdentifier>
    </Filter>
    <Filter Include="enemy\enemy_bullet">
      <UniqueIdentifier>{bb62fc2a-0ff9-4258-acc6-456c0bdbaab6}</UniqueIdentifier>
    </Filter>
    <Filter Include="boss_enemy">
      <UniqueIdentifier>{42cd5ca2-53de-4c8a-b2f3-9965af696d4e}</UniqueIdentifier>
    </Filter>
    <Filter Include="effect">
      <UniqueIdentifier>{d44ed254-1db2-459c-945f-a25e6cd08a72}</UniqueIdentifier>
    </Filter>
    <Filter Include="player\elec_bullet">
      <UniqueIdentifier>{128c1bb3-0188-48fa-a431-0e044a97f0c1}</UniqueIdentifier>
    </Filter>
    <Filter Include="timer">
      <UniqueIdentifier>{a1bfe540-e0e8-443f-be10-c137cebddcbd}</UniqueIdentifier>
    </Filter>
  </ItemGroup>
  <ItemGroup>
    <ClCompile Include="main.cpp" />
    <ClCompile Include="C:\KamataEngine\Adapter\Novice.cpp">
      <Filter>KamataEngine\Adapter</Filter>
    </ClCompile>
    <ClCompile Include="input.cpp">
      <Filter>input</Filter>
    </ClCompile>
    <ClCompile Include="tool.cpp">
      <Filter>tool</Filter>
    </ClCompile>
    <ClCompile Include="texture.cpp">
      <Filter>texture</Filter>
    </ClCompile>
    <ClCompile Include="se.cpp">
      <Filter>audio\se</Filter>
    </ClCompile>
    <ClCompile Include="bgm.cpp">
      <Filter>audio\bgm</Filter>
    </ClCompile>
    <ClCompile Include="title.cpp">
      <Filter>scene\title</Filter>
    </ClCompile>
    <ClCompile Include="play.cpp">
      <Filter>scene\play</Filter>
    </ClCompile>
    <ClCompile Include="pause.cpp">
      <Filter>scene\pause</Filter>
    </ClCompile>
    <ClCompile Include="scene_manager.cpp">
      <Filter>scene\scene_manager</Filter>
    </ClCompile>
    <ClCompile Include="stage.cpp">
      <Filter>stage</Filter>
    </ClCompile>
    <ClCompile Include="player.cpp">
      <Filter>player</Filter>
    </ClCompile>
    <ClCompile Include="player_laser.cpp">
      <Filter>player\player_laser</Filter>
    </ClCompile>
    <ClCompile Include="gem.cpp">
      <Filter>gem</Filter>
    </ClCompile>
    <ClCompile Include="play_ui.cpp">
      <Filter>play_ui</Filter>
    </ClCompile>
    <ClCompile Include="clear.cpp">
      <Filter>scene\clear</Filter>
    </ClCompile>
    <ClCompile Include="gameover.cpp">
      <Filter>scene\gameover</Filter>
    </ClCompile>
    <ClCompile Include="enemy.cpp">
      <Filter>enemy</Filter>
    </ClCompile>
    <ClCompile Include="collision_manager.cpp">
      <Filter>collision_manager</Filter>
    </ClCompile>
    <ClCompile Include="enemy_bullet.cpp">
      <Filter>enemy\enemy_bullet</Filter>
    </ClCompile>
    <ClCompile Include="boss_enemy.cpp">
      <Filter>boss_enemy</Filter>
    </ClCompile>
    <ClCompile Include="effect.cpp">
      <Filter>effect</Filter>
    </ClCompile>
    <ClCompile Include="elec_bullet.cpp">
      <Filter>player\elec_bullet</Filter>
    </ClCompile>
    <ClCompile Include="timer.cpp">
      <Filter>timer</Filter>
    </ClCompile>
  </ItemGroup>
  <ItemGroup>
    <ClInclude Include="C:\KamataEngine\DirectXGame\audio\Audio.h">
      <Filter>KamataEngine\Include</Filter>
    </ClInclude>
    <ClInclude Include="C:\KamataEngine\DirectXGame\2d\DebugText.h">
      <Filter>KamataEngine\Include</Filter>
    </ClInclude>
    <ClInclude Include="C:\KamataEngine\DirectXGame\base\DirectXCommon.h">
      <Filter>KamataEngine\Include</Filter>
    </ClInclude>
    <ClInclude Include="C:\KamataEngine\DirectXGame\scene\GameScene.h">
      <Filter>KamataEngine\Include</Filter>
    </ClInclude>
    <ClInclude Include="C:\KamataEngine\DirectXGame\input\Input.h">
      <Filter>KamataEngine\Include</Filter>
    </ClInclude>
    <ClInclude Include="C:\KamataEngine\DirectXGame\3d\Model.h">
      <Filter>KamataEngine\Include</Filter>
    </ClInclude>
    <ClInclude Include="C:\KamataEngine\DirectXGame\base\SafeDelete.h">
      <Filter>KamataEngine\Include</Filter>
    </ClInclude>
    <ClInclude Include="C:\KamataEngine\DirectXGame\2d\Sprite.h">
      <Filter>KamataEngine\Include</Filter>
    </ClInclude>
    <ClInclude Include="C:\KamataEngine\DirectXGame\base\TextureManager.h">
      <Filter>KamataEngine\Include</Filter>
    </ClInclude>
    <ClInclude Include="C:\KamataEngine\DirectXGame\base\WinApp.h">
      <Filter>KamataEngine\Include</Filter>
    </ClInclude>
    <ClInclude Include="C:\KamataEngine\DirectXGame\3d\WorldTransform.h">
      <Filter>KamataEngine\Include</Filter>
    </ClInclude>
    <ClInclude Include="C:\KamataEngine\Adapter\Novice.h">
      <Filter>KamataEngine\Adapter</Filter>
    </ClInclude>
    <ClInclude Include="C:\KamataEngine\DirectXGame\3d\CircleShadow.h">
      <Filter>KamataEngine\Include</Filter>
    </ClInclude>
    <ClInclude Include="C:\KamataEngine\DirectXGame\3d\DebugCamera.h">
      <Filter>KamataEngine\Include</Filter>
    </ClInclude>
    <ClInclude Include="C:\KamataEngine\DirectXGame\3d\DirectionalLight.h">
      <Filter>KamataEngine\Include</Filter>
    </ClInclude>
    <ClInclude Include="C:\KamataEngine\DirectXGame\3d\LightGroup.h">
      <Filter>KamataEngine\Include</Filter>
    </ClInclude>
    <ClInclude Include="C:\KamataEngine\DirectXGame\3d\Material.h">
      <Filter>KamataEngine\Include</Filter>
    </ClInclude>
    <ClInclude Include="C:\KamataEngine\DirectXGame\3d\Mesh.h">
      <Filter>KamataEngine\Include</Filter>
    </ClInclude>
    <ClInclude Include="C:\KamataEngine\DirectXGame\3d\PointLight.h">
      <Filter>KamataEngine\Include</Filter>
    </ClInclude>
    <ClInclude Include="C:\KamataEngine\DirectXGame\3d\SpotLight.h">
      <Filter>KamataEngine\Include</Filter>
    </ClInclude>
    <ClInclude Include="C:\KamataEngine\DirectXGame\base\StringUtility.h">
      <Filter>KamataEngine\Include</Filter>
    </ClInclude>
    <ClInclude Include="..\DirectXGame\3d\Camera.h">
      <Filter>KamataEngine\Include</Filter>
    </ClInclude>
    <ClInclude Include="C:\KamataEngine\DirectXGame\math\Matrix4x4.h">
      <Filter>KamataEngine\Include</Filter>
    </ClInclude>
    <ClInclude Include="C:\KamataEngine\DirectXGame\math\Vector2.h">
      <Filter>KamataEngine\Include</Filter>
    </ClInclude>
    <ClInclude Include="C:\KamataEngine\DirectXGame\math\Vector3.h">
      <Filter>KamataEngine\Include</Filter>
    </ClInclude>
    <ClInclude Include="C:\KamataEngine\DirectXGame\math\Vector4.h">
      <Filter>KamataEngine\Include</Filter>
    </ClInclude>
    <ClInclude Include="C:\KamataEngine\DirectXGame\2d\ImGuiManager.h">
      <Filter>KamataEngine\Include</Filter>
    </ClInclude>
    <ClInclude Include="common.h" />
    <ClInclude Include="vector2.h" />
    <ClInclude Include="input.h">
      <Filter>input</Filter>
    </ClInclude>
    <ClInclude Include="tool.h">
      <Filter>tool</Filter>
    </ClInclude>
    <ClInclude Include="texture.h">
      <Filter>texture</Filter>
    </ClInclude>
    <ClInclude Include="se.h">
      <Filter>audio\se</Filter>
    </ClInclude>
    <ClInclude Include="bgm.h">
      <Filter>audio\bgm</Filter>
    </ClInclude>
    <ClInclude Include="title.h">
      <Filter>scene\title</Filter>
    </ClInclude>
    <ClInclude Include="play.h">
      <Filter>scene\play</Filter>
    </ClInclude>
    <ClInclude Include="pause.h">
      <Filter>scene\pause</Filter>
    </ClInclude>
    <ClInclude Include="scene_manager.h">
      <Filter>scene\scene_manager</Filter>
    </ClInclude>
    <ClInclude Include="stage.h">
      <Filter>stage</Filter>
    </ClInclude>
    <ClInclude Include="player.h">
      <Filter>player</Filter>
    </ClInclude>
    <ClInclude Include="matrix.h" />
    <ClInclude Include="player_laser.h">
      <Filter>player\player_laser</Filter>
    </ClInclude>
    <ClInclude Include="gem.h">
      <Filter>gem</Filter>
    </ClInclude>
    <ClInclude Include="play_ui.h">
      <Filter>play_ui</Filter>
    </ClInclude>
    <ClInclude Include="clear.h">
      <Filter>scene\clear</Filter>
    </ClInclude>
    <ClInclude Include="gameover.h">
      <Filter>scene\gameover</Filter>
    </ClInclude>
    <ClInclude Include="enemy.h">
      <Filter>enemy</Filter>
    </ClInclude>
    <ClInclude Include="collision_manager.h">
      <Filter>collision_manager</Filter>
    </ClInclude>
    <ClInclude Include="enemy_bullet.h">
      <Filter>enemy\enemy_bullet</Filter>
    </ClInclude>
    <ClInclude Include="boss_enemy.h">
      <Filter>boss_enemy</Filter>
    </ClInclude>
    <ClInclude Include="effect.h">
      <Filter>effect</Filter>
    </ClInclude>
    <ClInclude Include="elec_bullet.h">
      <Filter>player\elec_bullet</Filter>
    </ClInclude>
    <ClInclude Include="timer.h">
      <Filter>timer</Filter>
    </ClInclude>
  </ItemGroup>
</Project>